
Microsoft Visual Studio Solution File, Format Version 12.00
# Visual Studio 14
VisualStudioVersion = 14.0.25420.1
MinimumVisualStudioVersion = 10.0.40219.1
Project("{2150E333-8FDC-42A3-9474-1A3956D46DE8}") = "src", "src", "{8D48E193-7C69-4CD0-A246-203CA29AB7A5}"
EndProject
Project("{2150E333-8FDC-42A3-9474-1A3956D46DE8}") = "Solution Items", "Solution Items", "{03688D1F-1F5B-4376-8451-E82E777AFB28}"
	ProjectSection(SolutionItems) = preProject
		global.json = global.json
	EndProjectSection
EndProject
Project("{8BB2217D-0F2D-49D1-97BC-3654ED321F3B}") = "InventumLawyers", "src\InventumLawyers\InventumLawyers.xproj", "{E66E58FC-1DF8-44F0-8DB2-A25B088F9921}"
EndProject
Global
	GlobalSection(SolutionConfigurationPlatforms) = preSolution
		Debug|Any CPU = Debug|Any CPU
		Release|Any CPU = Release|Any CPU
	EndGlobalSection
	GlobalSection(ProjectConfigurationPlatforms) = postSolution
		{E66E58FC-1DF8-44F0-8DB2-A25B088F9921}.Debug|Any CPU.ActiveCfg = Debug|Any CPU
		{E66E58FC-1DF8-44F0-8DB2-A25B088F9921}.Debug|Any CPU.Build.0 = Debug|Any CPU
		{E66E58FC-1DF8-44F0-8DB2-A25B088F9921}.Release|Any CPU.ActiveCfg = Release|Any CPU
		{E66E58FC-1DF8-44F0-8DB2-A25B088F9921}.Release|Any CPU.Build.0 = Release|Any CPU
	EndGlobalSection
	GlobalSection(SolutionProperties) = preSolution
		HideSolutionNode = FALSE
	EndGlobalSection
	GlobalSection(NestedProjects) = preSolution
		{E66E58FC-1DF8-44F0-8DB2-A25B088F9921} = {8D48E193-7C69-4CD0-A246-203CA29AB7A5}
	EndGlobalSection
EndGlobal
